// !$*UTF8*$!
{
	archiveVersion = 1;
	classes = {
	};
	objectVersion = 50;
	objects = {

/* Begin PBXBuildFile section */
		66156232222C18F8002DDF2B /* AppDelegate.swift in Sources */ = {isa = PBXBuildFile; fileRef = 66156231222C18F8002DDF2B /* AppDelegate.swift */; };
		66156234222C18F8002DDF2B /* ViewController.swift in Sources */ = {isa = PBXBuildFile; fileRef = 66156233222C18F8002DDF2B /* ViewController.swift */; };
		66156237222C18F8002DDF2B /* Main.storyboard in Resources */ = {isa = PBXBuildFile; fileRef = 66156235222C18F8002DDF2B /* Main.storyboard */; };
		66156239222C18FB002DDF2B /* Assets.xcassets in Resources */ = {isa = PBXBuildFile; fileRef = 66156238222C18FB002DDF2B /* Assets.xcassets */; };
		6615623C222C18FB002DDF2B /* LaunchScreen.storyboard in Resources */ = {isa = PBXBuildFile; fileRef = 6615623A222C18FB002DDF2B /* LaunchScreen.storyboard */; };
		66156246222C1964002DDF2B /* lamp-remove.JPG in Resources */ = {isa = PBXBuildFile; fileRef = 66156243222C1963002DDF2B /* lamp-remove.JPG */; };
		66156247222C1964002DDF2B /* lamp-on.JPG in Resources */ = {isa = PBXBuildFile; fileRef = 66156244222C1963002DDF2B /* lamp-on.JPG */; };
		66156248222C1964002DDF2B /* lamp-off.JPG in Resources */ = {isa = PBXBuildFile; fileRef = 66156245222C1963002DDF2B /* lamp-off.JPG */; };
/* End PBXBuildFile section */

/* Begin PBXFileReference section */
		6615622E222C18F8002DDF2B /* Alert.app */ = {isa = PBXFileReference; explicitFileType = wrapper.application; includeInIndex = 0; path = Alert.app; sourceTree = BUILT_PRODUCTS_DIR; };
		66156231222C18F8002DDF2B /* AppDelegate.swift */ = {isa = PBXFileReference; lastKnownFileType = sourcecode.swift; path = AppDelegate.swift; sourceTree = "<group>"; };
		66156233222C18F8002DDF2B /* ViewController.swift */ = {isa = PBXFileReference; lastKnownFileType = sourcecode.swift; path = ViewController.swift; sourceTree = "<group>"; };
		66156236222C18F8002DDF2B /* Base */ = {isa = PBXFileReference; lastKnownFileType = file.storyboard; name = Base; path = Base.lproj/Main.storyboard; sourceTree = "<group>"; };
		66156238222C18FB002DDF2B /* Assets.xcassets */ = {isa = PBXFileReference; lastKnownFileType = folder.assetcatalog; path = Assets.xcassets; sourceTree = "<group>"; };
		6615623B222C18FB002DDF2B /* Base */ = {isa = PBXFileReference; lastKnownFileType = file.storyboard; name = Base; path = Base.lproj/LaunchScreen.storyboard; sourceTree = "<group>"; };
		6615623D222C18FB002DDF2B /* Info.plist */ = {isa = PBXFileReference; lastKnownFileType = text.plist.xml; path = Info.plist; sourceTree = "<group>"; };
		66156243222C1963002DDF2B /* lamp-remove.JPG */ = {isa = PBXFileReference; lastKnownFileType = image.jpeg; path = "lamp-remove.JPG"; sourceTree = "<group>"; };
		66156244222C1963002DDF2B /* lamp-on.JPG */ = {isa = PBXFileReference; lastKnownFileType = image.jpeg; path = "lamp-on.JPG"; sourceTree = "<group>"; };
		66156245222C1963002DDF2B /* lamp-off.JPG */ = {isa = PBXFileReference; lastKnownFileType = image.jpeg; path = "lamp-off.JPG"; sourceTree = "<group>"; };
/* End PBXFileReference section */

/* Begin PBXFrameworksBuildPhase section */
		6615622B222C18F8002DDF2B /* Frameworks */ = {
			isa = PBXFrameworksBuildPhase;
			buildActionMask = 2147483647;
			files = (
			);
			runOnlyForDeploymentPostprocessing = 0;
		};
/* End PBXFrameworksBuildPhase section */

/* Begin PBXGroup section */
		66156225222C18F8002DDF2B = {
			isa = PBXGroup;
			children = (
				66156230222C18F8002DDF2B /* Alert */,
				6615622F222C18F8002DDF2B /* Products */,
			);
			sourceTree = "<group>";
		};
		6615622F222C18F8002DDF2B /* Products */ = {
			isa = PBXGroup;
			children = (
				6615622E222C18F8002DDF2B /* Alert.app */,
			);
			name = Products;
			sourceTree = "<group>";
		};
		66156230222C18F8002DDF2B /* Alert */ = {
			isa = PBXGroup;
			children = (
				66156245222C1963002DDF2B /* lamp-off.JPG */,
				66156244222C1963002DDF2B /* lamp-on.JPG */,
				66156243222C1963002DDF2B /* lamp-remove.JPG */,
				66156231222C18F8002DDF2B /* AppDelegate.swift */,
				66156233222C18F8002DDF2B /* ViewController.swift */,
				66156235222C18F8002DDF2B /* Main.storyboard */,
				66156238222C18FB002DDF2B /* Assets.xcassets */,
				6615623A222C18FB002DDF2B /* LaunchScreen.storyboard */,
				6615623D222C18FB002DDF2B /* Info.plist */,
			);
			path = Alert;
			sourceTree = "<group>";
		};
/* End PBXGroup section */

/* Begin PBXNativeTarget section */
		6615622D222C18F8002DDF2B /* Alert */ = {
			isa = PBXNativeTarget;
			buildConfigurationList = 66156240222C18FB002DDF2B /* Build configuration list for PBXNativeTarget "Alert" */;
			buildPhases = (
				6615622A222C18F8002DDF2B /* Sources */,
				6615622B222C18F8002DDF2B /* Frameworks */,
				6615622C222C18F8002DDF2B /* Resources */,
			);
			buildRules = (
			);
			dependencies = (
			);
			name = Alert;
			productName = Alert;
			productReference = 6615622E222C18F8002DDF2B /* Alert.app */;
			productType = "com.apple.product-type.application";
		};
/* End PBXNativeTarget section */

/* Begin PBXProject section */
		66156226222C18F8002DDF2B /* Project object */ = {
			isa = PBXProject;
			attributes = {
				LastSwiftUpdateCheck = 0930;
				LastUpgradeCheck = 0930;
				ORGANIZATIONNAME = HAYOUNG_KIM;
				TargetAttributes = {
					6615622D222C18F8002DDF2B = {
						CreatedOnToolsVersion = 9.3;
					};
				};
			};
			buildConfigurationList = 66156229222C18F8002DDF2B /* Build configuration list for PBXProject "Alert" */;
			compatibilityVersion = "Xcode 9.3";
			developmentRegion = en;
			hasScannedForEncodings = 0;
			knownRegions = (
				en,
				Base,
			);
			mainGroup = 66156225222C18F8002DDF2B;
			productRefGroup = 6615622F222C18F8002DDF2B /* Products */;
			projectDirPath = "";
			projectRoot = "";
			targets = (
				6615622D222C18F8002DDF2B /* Alert */,
			);
		};
/* End PBXProject section */

/* Begin PBXResourcesBuildPhase section */
		6615622C222C18F8002DDF2B /* Resources */ = {
			isa = PBXResourcesBuildPhase;
			buildActionMask = 2147483647;
			files = (
				6615623C222C18FB002DDF2B /* LaunchScreen.storyboard in Resources */,
				66156247222C1964002DDF2B /* lamp-on.JPG in Resources */,
				66156246222C1964002DDF2B /* lamp-remove.JPG in Resources */,
				66156239222C18FB002DDF2B /* Assets.xcassets in Resources */,
				66156237222C18F8002DDF2B /* Main.storyboard in Resources */,
				66156248222C1964002DDF2B /* lamp-off.JPG in Resources */,
			);
			runOnlyForDeploymentPostprocessing = 0;
		};
/* End PBXResourcesBuildPhase section */

/* Begin PBXSourcesBuildPhase section */
		6615622A222C18F8002DDF2B /* Sources */ = {
			isa = PBXSourcesBuildPhase;
			buildActionMask = 2147483647;
			files = (
				66156234222C18F8002DDF2B /* ViewController.swift in Sources */,
				66156232222C18F8002DDF2B /* AppDelegate.swift in Sources */,
			);
			runOnlyForDeploymentPostprocessing = 0;
		};
/* End PBXSourcesBuildPhase section */

/* Begin PBXVariantGroup section */
		66156235222C18F8002DDF2B /* Main.storyboard */ = {
			isa = PBXVariantGroup;
			children = (
				66156236222C18F8002DDF2B /* Base */,
			);
			name = Main.storyboard;
			sourceTree = "<group>";
		};
		6615623A222C18FB002DDF2B /* LaunchScreen.storyboard */ = {
			isa = PBXVariantGroup;
			children = (
				6615623B222C18FB002DDF2B /* Base */,
			);
			name = LaunchScreen.storyboard;
			sourceTree = "<group>";
		};
/* End PBXVariantGroup section */

/* Begin XCBuildConfiguration section */
		6615623E222C18FB002DDF2B /* Debug */ = {
			isa = XCBuildConfiguration;
			buildSettings = {
				ALWAYS_SEARCH_USER_PATHS = NO;
				CLANG_ANALYZER_NONNULL = YES;
				CLANG_ANALYZER_NUMBER_OBJECT_CONVERSION = YES_AGGRESSIVE;
				CLANG_CXX_LANGUAGE_STANDARD = "gnu++14";
				CLANG_CXX_LIBRARY = "libc++";
				CLANG_ENABLE_MODULES = YES;
				CLANG_ENABLE_OBJC_ARC = YES;
				CLANG_ENABLE_OBJC_WEAK = YES;
				CLANG_WARN_BLOCK_CAPTURE_AUTORELEASING = YES;
				CLANG_WARN_BOOL_CONVERSION = YES;
				CLANG_WARN_COMMA = YES;
				CLANG_WARN_CONSTANT_CONVERSION = YES;
				CLANG_WARN_DEPRECATED_OBJC_IMPLEMENTATIONS = YES;
				CLANG_WARN_DIRECT_OBJC_ISA_USAGE = YES_ERROR;
				CLANG_WARN_DOCUMENTATION_COMMENTS = YES;
				CLANG_WARN_EMPTY_BODY = YES;
				CLANG_WARN_ENUM_CONVERSION = YES;
				CLANG_WARN_INFINITE_RECURSION = YES;
				CLANG_WARN_INT_CONVERSION = YES;
				CLANG_WARN_NON_LITERAL_NULL_CONVERSION = YES;
				CLANG_WARN_OBJC_IMPLICIT_RETAIN_SELF = YES;
				CLANG_WARN_OBJC_LITERAL_CONVERSION = YES;
				CLANG_WARN_OBJC_ROOT_CLASS = YES_ERROR;
				CLANG_WARN_RANGE_LOOP_ANALYSIS = YES;
				CLANG_WARN_STRICT_PROTOTYPES = YES;
				CLANG_WARN_SUSPICIOUS_MOVE = YES;
				CLANG_WARN_UNGUARDED_AVAILABILITY = YES_AGGRESSIVE;
				CLANG_WARN_UNREACHABLE_CODE = YES;
				CLANG_WARN__DUPLICATE_METHOD_MATCH = YES;
				CODE_SIGN_IDENTITY = "iPhone Developer";
				COPY_PHASE_STRIP = NO;
				DEBUG_INFORMATION_FORMAT = dwarf;
				ENABLE_STRICT_OBJC_MSGSEND = YES;
				ENABLE_TESTABILITY = YES;
				GCC_C_LANGUAGE_STANDARD = gnu11;
				GCC_DYNAMIC_NO_PIC = NO;
				GCC_NO_COMMON_BLOCKS = YES;
				GCC_OPTIMIZATION_LEVEL = 0;
				GCC_PREPROCESSOR_DEFINITIONS = (
					"DEBUG=1",
					"$(inherited)",
				);
				GCC_WARN_64_TO_32_BIT_CONVERSION = YES;
				GCC_WARN_ABOUT_RETURN_TYPE = YES_ERROR;
				GCC_WARN_UNDECLARED_SELECTOR = YES;
				GCC_WARN_UNINITIALIZED_AUTOS = YES_AGGRESSIVE;
				GCC_WARN_UNUSED_FUNCTION = YES;
				GCC_WARN_UNUSED_VARIABLE = YES;
				IPHONEOS_DEPLOYMENT_TARGET = 11.3;
				MTL_ENABLE_DEBUG_INFO = YES;
				ONLY_ACTIVE_ARCH = YES;
				SDKROOT = iphoneos;
				SWIFT_ACTIVE_COMPILATION_CONDITIONS = DEBUG;
				SWIFT_OPTIMIZATION_LEVEL = "-Onone";
			};
			name = Debug;
		};
		6615623F222C18FB002DDF2B /* Release */ = {
			isa = XCBuildConfiguration;
			buildSettings = {
				ALWAYS_SEARCH_USER_PATHS = NO;
				CLANG_ANALYZER_NONNULL = YES;
				CLANG_ANALYZER_NUMBER_OBJECT_CONVERSION = YES_AGGRESSIVE;
				CLANG_CXX_LANGUAGE_STANDARD = "gnu++14";
				CLANG_CXX_LIBRARY = "libc++";
				CLANG_ENABLE_MODULES = YES;
				CLANG_ENABLE_OBJC_ARC = YES;
				CLANG_ENABLE_OBJC_WEAK = YES;
				CLANG_WARN_BLOCK_CAPTURE_AUTORELEASING = YES;
				CLANG_WARN_BOOL_CONVERSION = YES;
				CLANG_WARN_COMMA = YES;
				CLANG_WARN_CONSTANT_CONVERSION = YES;
				CLANG_WARN_DEPRECATED_OBJC_IMPLEMENTATIONS = YES;
				CLANG_WARN_DIRECT_OBJC_ISA_USAGE = YES_ERROR;
				CLANG_WARN_DOCUMENTATION_COMMENTS = YES;
				CLANG_WARN_EMPTY_BODY = YES;
				CLANG_WARN_ENUM_CONVERSION = YES;
				CLANG_WARN_INFINITE_RECURSION = YES;
				CLANG_WARN_INT_CONVERSION = YES;
				CLANG_WARN_NON_LITERAL_NULL_CONVERSION = YES;
				CLANG_WARN_OBJC_IMPLICIT_RETAIN_SELF = YES;
				CLANG_WARN_OBJC_LITERAL_CONVERSION = YES;
				CLANG_WARN_OBJC_ROOT_CLASS = YES_ERROR;
				CLANG_WARN_RANGE_LOOP_ANALYSIS = YES;
				CLANG_WARN_STRICT_PROTOTYPES = YES;
				CLANG_WARN_SUSPICIOUS_MOVE = YES;
				CLANG_WARN_UNGUARDED_AVAILABILITY = YES_AGGRESSIVE;
				CLANG_WARN_UNREACHABLE_CODE = YES;
				CLANG_WARN__DUPLICATE_METHOD_MATCH = YES;
				CODE_SIGN_IDENTITY = "iPhone Developer";
				COPY_PHASE_STRIP = NO;
				DEBUG_INFORMATION_FORMAT = "dwarf-with-dsym";
				ENABLE_NS_ASSERTIONS = NO;
				ENABLE_STRICT_OBJC_MSGSEND = YES;
				GCC_C_LANGUAGE_STANDARD = gnu11;
				GCC_NO_COMMON_BLOCKS = YES;
				GCC_WARN_64_TO_32_BIT_CONVERSION = YES;
				GCC_WARN_ABOUT_RETURN_TYPE = YES_ERROR;
				GCC_WARN_UNDECLARED_SELECTOR = YES;
				GCC_WARN_UNINITIALIZED_AUTOS = YES_AGGRESSIVE;
				GCC_WARN_UNUSED_FUNCTION = YES;
				GCC_WARN_UNUSED_VARIABLE = YES;
				IPHONEOS_DEPLOYMENT_TARGET = 11.3;
				MTL_ENABLE_DEBUG_INFO = NO;
				SDKROOT = iphoneos;
				SWIFT_COMPILATION_MODE = wholemodule;
				SWIFT_OPTIMIZATION_LEVEL = "-O";
				VALIDATE_PRODUCT = YES;
			};
			name = Release;
		};
		66156241222C18FB002DDF2B /* Debug */ = {
			isa = XCBuildConfiguration;
			buildSettings = {
				ASSETCATALOG_COMPILER_APPICON_NAME = AppIcon;
				CODE_SIGN_STYLE = Automatic;
				INFOPLIST_FILE = Alert/Info.plist;
				LD_RUNPATH_SEARCH_PATHS = (
					"$(inherited)",
					"@executable_path/Frameworks",
				);
				PRODUCT_BUNDLE_IDENTIFIER = hayoung.test.Alert;
				PRODUCT_NAME = "$(TARGET_NAME)";
				SWIFT_VERSION = 4.0;
				TARGETED_DEVICE_FAMILY = 1;
			};
			name = Debug;
		};
		66156242222C18FB002DDF2B /* Release */ = {
			isa = XCBuildConfiguration;
			buildSettings = {
				ASSETCATALOG_COMPILER_APPICON_NAME = AppIcon;
				CODE_SIGN_STYLE = Automatic;
				INFOPLIST_FILE = Alert/Info.plist;
				LD_RUNPATH_SEARCH_PATHS = (
					"$(inherited)",
					"@executable_path/Frameworks",
				);
				PRODUCT_BUNDLE_IDENTIFIER = hayoung.test.Alert;
				PRODUCT_NAME = "$(TARGET_NAME)";
				SWIFT_VERSION = 4.0;
				TARGETED_DEVICE_FAMILY = 1;
			};
			name = Release;
		};
/* End XCBuildConfiguration section */

/* Begin XCConfigurationList section */
		66156229222C18F8002DDF2B /* Build configuration list for PBXProject "Alert" */ = {
			isa = XCConfigurationList;
			buildConfigurations = (
				6615623E222C18FB002DDF2B /* Debug */,
				6615623F222C18FB002DDF2B /* Release */,
			);
			defaultConfigurationIsVisible = 0;
			defaultConfigurationName = Release;
		};
		66156240222C18FB002DDF2B /* Build configuration list for PBXNativeTarget "Alert" */ = {
			isa = XCConfigurationList;
			buildConfigurations = (
				66156241222C18FB002DDF2B /* Debug */,
				66156242222C18FB002DDF2B /* Release */,
			);
			defaultConfigurationIsVisible = 0;
			defaultConfigurationName = Release;
		};
/* End XCConfigurationList section */
	};
	rootObject = 66156226222C18F8002DDF2B /* Project object */;
}
